
Microsoft Visual Studio Solution File, Format Version 12.00
# Visual Studio Version 17
VisualStudioVersion = 17.10.35013.160
MinimumVisualStudioVersion = 10.0.40219.1
Project("{FAE04EC0-301F-11D3-BF4B-00C04F79EFBC}") = "Week6Assesment", "Week6Assesment.csproj", "{05BDBCBB-01AA-4179-BF09-06A3E516568A}"
EndProject
Global
	GlobalSection(SolutionConfigurationPlatforms) = preSolution
		Debug|Any CPU = Debug|Any CPU
		Release|Any CPU = Release|Any CPU
	EndGlobalSection
	GlobalSection(ProjectConfigurationPlatforms) = postSolution
		{05BDBCBB-01AA-4179-BF09-06A3E516568A}.Debug|Any CPU.ActiveCfg = Debug|Any CPU
		{05BDBCBB-01AA-4179-BF09-06A3E516568A}.Debug|Any CPU.Build.0 = Debug|Any CPU
		{05BDBCBB-01AA-4179-BF09-06A3E516568A}.Release|Any CPU.ActiveCfg = Release|Any CPU
		{05BDBCBB-01AA-4179-BF09-06A3E516568A}.Release|Any CPU.Build.0 = Release|Any CPU
	EndGlobalSection
	GlobalSection(SolutionProperties) = preSolution
		HideSolutionNode = FALSE
	EndGlobalSection
	GlobalSection(ExtensibilityGlobals) = postSolution
		SolutionGuid = {B4EC11C6-EB95-4EF4-82BF-2B138DA4CEFD}
	EndGlobalSection
EndGlobal
